
Microsoft Visual Studio Solution File, Format Version 12.00
# Visual Studio Version 17
VisualStudioVersion = 17.13.35818.85 d17.13
MinimumVisualStudioVersion = 10.0.40219.1
Project("{FAE04EC0-301F-11D3-BF4B-00C04F79EFBC}") = "BankAccountSimulatorDebug", "BankAccountSimulatorDebug\BankAccountSimulatorDebug.csproj", "{7C1BABA0-3600-40D4-9F9A-4AA3CDCA9118}"
EndProject
Global
	GlobalSection(SolutionConfigurationPlatforms) = preSolution
		Debug|Any CPU = Debug|Any CPU
		Release|Any CPU = Release|Any CPU
	EndGlobalSection
	GlobalSection(ProjectConfigurationPlatforms) = postSolution
		{7C1BABA0-3600-40D4-9F9A-4AA3CDCA9118}.Debug|Any CPU.ActiveCfg = Debug|Any CPU
		{7C1BABA0-3600-40D4-9F9A-4AA3CDCA9118}.Debug|Any CPU.Build.0 = Debug|Any CPU
		{7C1BABA0-3600-40D4-9F9A-4AA3CDCA9118}.Release|Any CPU.ActiveCfg = Release|Any CPU
		{7C1BABA0-3600-40D4-9F9A-4AA3CDCA9118}.Release|Any CPU.Build.0 = Release|Any CPU
	EndGlobalSection
	GlobalSection(SolutionProperties) = preSolution
		HideSolutionNode = FALSE
	EndGlobalSection
	GlobalSection(ExtensibilityGlobals) = postSolution
		SolutionGuid = {87B5DDAC-EAA9-44F8-9834-D1A9D0D33CD0}
	EndGlobalSection
EndGlobal
